
Microsoft Visual Studio Solution File, Format Version 12.00
# Visual Studio Version 17
VisualStudioVersion = 17.1.32319.34
MinimumVisualStudioVersion = 10.0.40219.1
Project("{FAE04EC0-301F-11D3-BF4B-00C04F79EFBC}") = "Course", "Course\Course.csproj", "{94CD9CDE-F8F8-4962-8927-F7185690881B}"
EndProject
Global
	GlobalSection(SolutionConfigurationPlatforms) = preSolution
		Debug|Any CPU = Debug|Any CPU
		Release|Any CPU = Release|Any CPU
	EndGlobalSection
	GlobalSection(ProjectConfigurationPlatforms) = postSolution
		{94CD9CDE-F8F8-4962-8927-F7185690881B}.Debug|Any CPU.ActiveCfg = Debug|Any CPU
		{94CD9CDE-F8F8-4962-8927-F7185690881B}.Debug|Any CPU.Build.0 = Debug|Any CPU
		{94CD9CDE-F8F8-4962-8927-F7185690881B}.Release|Any CPU.ActiveCfg = Release|Any CPU
		{94CD9CDE-F8F8-4962-8927-F7185690881B}.Release|Any CPU.Build.0 = Release|Any CPU
	EndGlobalSection
	GlobalSection(SolutionProperties) = preSolution
		HideSolutionNode = FALSE
	EndGlobalSection
	GlobalSection(ExtensibilityGlobals) = postSolution
		SolutionGuid = {2292DF04-5F48-4812-ACE9-B48826A2097B}
	EndGlobalSection
EndGlobal
