
Microsoft Visual Studio Solution File, Format Version 12.00
# Visual Studio Version 17
VisualStudioVersion = 17.1.32319.34
MinimumVisualStudioVersion = 10.0.40219.1
Project("{FAE04EC0-301F-11D3-BF4B-00C04F79EFBC}") = "Course", "Course\Course.csproj", "{D2562318-22B1-4179-863F-E44358B3BF25}"
EndProject
Global
	GlobalSection(SolutionConfigurationPlatforms) = preSolution
		Debug|Any CPU = Debug|Any CPU
		Release|Any CPU = Release|Any CPU
	EndGlobalSection
	GlobalSection(ProjectConfigurationPlatforms) = postSolution
		{D2562318-22B1-4179-863F-E44358B3BF25}.Debug|Any CPU.ActiveCfg = Debug|Any CPU
		{D2562318-22B1-4179-863F-E44358B3BF25}.Debug|Any CPU.Build.0 = Debug|Any CPU
		{D2562318-22B1-4179-863F-E44358B3BF25}.Release|Any CPU.ActiveCfg = Release|Any CPU
		{D2562318-22B1-4179-863F-E44358B3BF25}.Release|Any CPU.Build.0 = Release|Any CPU
	EndGlobalSection
	GlobalSection(SolutionProperties) = preSolution
		HideSolutionNode = FALSE
	EndGlobalSection
	GlobalSection(ExtensibilityGlobals) = postSolution
		SolutionGuid = {B18F5215-66F3-426A-988A-C7CA84EC5D2E}
	EndGlobalSection
EndGlobal
